
Microsoft Visual Studio Solution File, Format Version 12.00
# Visual Studio 14
VisualStudioVersion = 14.0.24720.0
MinimumVisualStudioVersion = 10.0.40219.1
Project("{FAE04EC0-301F-11D3-BF4B-00C04F79EFBC}") = "xZune.Bass", "xZune.Bass\xZune.Bass.csproj", "{A94BDD27-2C0D-4BCD-857D-8516743B1EA5}"
EndProject
Project("{FAE04EC0-301F-11D3-BF4B-00C04F79EFBC}") = "xZune.Bass.FuncGen", "xZune.Bass.FuncGen\xZune.Bass.FuncGen.csproj", "{D7267E40-15D2-4C69-B881-884D2398EE5F}"
EndProject
Project("{FAE04EC0-301F-11D3-BF4B-00C04F79EFBC}") = "xZune.Bass.Sample", "xZune.Bass.Sample\xZune.Bass.Sample.csproj", "{12772962-8890-4583-991E-ADEC56F0866F}"
EndProject
Project("{FAE04EC0-301F-11D3-BF4B-00C04F79EFBC}") = "xZune.Bass.Player", "xZune.Bass.Player\xZune.Bass.Player.csproj", "{476C5537-222F-458F-A2BB-9FA22C667C81}"
EndProject
Project("{2150E333-8FDC-42A3-9474-1A3956D46DE8}") = "Solution Items", "Solution Items", "{549A0257-8DB0-4B42-BF20-7F2A1A21E7B4}"
	ProjectSection(SolutionItems) = preProject
		README.md = README.md
	EndProjectSection
EndProject
Project("{FAE04EC0-301F-11D3-BF4B-00C04F79EFBC}") = "xZune.Bass.Tag", "xZune.Bass.Tag\xZune.Bass.Tag.csproj", "{245BA496-77D2-4A0C-BE7D-AE27BB5FFAD8}"
EndProject
Global
	GlobalSection(SolutionConfigurationPlatforms) = preSolution
		Debug|Any CPU = Debug|Any CPU
		Release|Any CPU = Release|Any CPU
	EndGlobalSection
	GlobalSection(ProjectConfigurationPlatforms) = postSolution
		{A94BDD27-2C0D-4BCD-857D-8516743B1EA5}.Debug|Any CPU.ActiveCfg = Debug|Any CPU
		{A94BDD27-2C0D-4BCD-857D-8516743B1EA5}.Debug|Any CPU.Build.0 = Debug|Any CPU
		{A94BDD27-2C0D-4BCD-857D-8516743B1EA5}.Release|Any CPU.ActiveCfg = Release|Any CPU
		{A94BDD27-2C0D-4BCD-857D-8516743B1EA5}.Release|Any CPU.Build.0 = Release|Any CPU
		{D7267E40-15D2-4C69-B881-884D2398EE5F}.Debug|Any CPU.ActiveCfg = Debug|Any CPU
		{D7267E40-15D2-4C69-B881-884D2398EE5F}.Debug|Any CPU.Build.0 = Debug|Any CPU
		{D7267E40-15D2-4C69-B881-884D2398EE5F}.Release|Any CPU.ActiveCfg = Release|Any CPU
		{D7267E40-15D2-4C69-B881-884D2398EE5F}.Release|Any CPU.Build.0 = Release|Any CPU
		{12772962-8890-4583-991E-ADEC56F0866F}.Debug|Any CPU.ActiveCfg = Debug|Any CPU
		{12772962-8890-4583-991E-ADEC56F0866F}.Debug|Any CPU.Build.0 = Debug|Any CPU
		{12772962-8890-4583-991E-ADEC56F0866F}.Release|Any CPU.ActiveCfg = Release|Any CPU
		{12772962-8890-4583-991E-ADEC56F0866F}.Release|Any CPU.Build.0 = Release|Any CPU
		{476C5537-222F-458F-A2BB-9FA22C667C81}.Debug|Any CPU.ActiveCfg = Debug|Any CPU
		{476C5537-222F-458F-A2BB-9FA22C667C81}.Debug|Any CPU.Build.0 = Debug|Any CPU
		{476C5537-222F-458F-A2BB-9FA22C667C81}.Release|Any CPU.ActiveCfg = Release|Any CPU
		{476C5537-222F-458F-A2BB-9FA22C667C81}.Release|Any CPU.Build.0 = Release|Any CPU
		{245BA496-77D2-4A0C-BE7D-AE27BB5FFAD8}.Debug|Any CPU.ActiveCfg = Debug|Any CPU
		{245BA496-77D2-4A0C-BE7D-AE27BB5FFAD8}.Debug|Any CPU.Build.0 = Debug|Any CPU
		{245BA496-77D2-4A0C-BE7D-AE27BB5FFAD8}.Release|Any CPU.ActiveCfg = Release|Any CPU
		{245BA496-77D2-4A0C-BE7D-AE27BB5FFAD8}.Release|Any CPU.Build.0 = Release|Any CPU
	EndGlobalSection
	GlobalSection(SolutionProperties) = preSolution
		HideSolutionNode = FALSE
	EndGlobalSection
EndGlobal
