
Microsoft Visual Studio Solution File, Format Version 12.00
# Visual Studio 14
VisualStudioVersion = 14.0.23107.0
MinimumVisualStudioVersion = 10.0.40219.1
Project("{FAE04EC0-301F-11D3-BF4B-00C04F79EFBC}") = "xZune.Bass", "xZune.Bass\xZune.Bass.csproj", "{A94BDD27-2C0D-4BCD-857D-8516743B1EA5}"
EndProject
Project("{FAE04EC0-301F-11D3-BF4B-00C04F79EFBC}") = "xZune.Bass.FuncGen", "xZune.Bass.FuncGen\xZune.Bass.FuncGen.csproj", "{D7267E40-15D2-4C69-B881-884D2398EE5F}"
EndProject
Global
	GlobalSection(SolutionConfigurationPlatforms) = preSolution
		Debug|Any CPU = Debug|Any CPU
		Release|Any CPU = Release|Any CPU
	EndGlobalSection
	GlobalSection(ProjectConfigurationPlatforms) = postSolution
		{A94BDD27-2C0D-4BCD-857D-8516743B1EA5}.Debug|Any CPU.ActiveCfg = Debug|Any CPU
		{A94BDD27-2C0D-4BCD-857D-8516743B1EA5}.Debug|Any CPU.Build.0 = Debug|Any CPU
		{A94BDD27-2C0D-4BCD-857D-8516743B1EA5}.Release|Any CPU.ActiveCfg = Release|Any CPU
		{A94BDD27-2C0D-4BCD-857D-8516743B1EA5}.Release|Any CPU.Build.0 = Release|Any CPU
		{D7267E40-15D2-4C69-B881-884D2398EE5F}.Debug|Any CPU.ActiveCfg = Debug|Any CPU
		{D7267E40-15D2-4C69-B881-884D2398EE5F}.Debug|Any CPU.Build.0 = Debug|Any CPU
		{D7267E40-15D2-4C69-B881-884D2398EE5F}.Release|Any CPU.ActiveCfg = Release|Any CPU
		{D7267E40-15D2-4C69-B881-884D2398EE5F}.Release|Any CPU.Build.0 = Release|Any CPU
	EndGlobalSection
	GlobalSection(SolutionProperties) = preSolution
		HideSolutionNode = FALSE
	EndGlobalSection
EndGlobal
